
Microsoft Visual Studio Solution File, Format Version 12.00
# Visual Studio Version 16
VisualStudioVersion = 16.0.29709.97
MinimumVisualStudioVersion = 10.0.40219.1
Project("{FAE04EC0-301F-11D3-BF4B-00C04F79EFBC}") = "MakeUpMethodAssignmentv36", "MakeUpMethodAssignmentv36.csproj", "{ECF54141-07EA-4E8C-8670-F6A278801254}"
EndProject
Global
	GlobalSection(SolutionConfigurationPlatforms) = preSolution
		Debug|Any CPU = Debug|Any CPU
		Release|Any CPU = Release|Any CPU
	EndGlobalSection
	GlobalSection(ProjectConfigurationPlatforms) = postSolution
		{ECF54141-07EA-4E8C-8670-F6A278801254}.Debug|Any CPU.ActiveCfg = Debug|Any CPU
		{ECF54141-07EA-4E8C-8670-F6A278801254}.Debug|Any CPU.Build.0 = Debug|Any CPU
		{ECF54141-07EA-4E8C-8670-F6A278801254}.Release|Any CPU.ActiveCfg = Release|Any CPU
		{ECF54141-07EA-4E8C-8670-F6A278801254}.Release|Any CPU.Build.0 = Release|Any CPU
	EndGlobalSection
	GlobalSection(SolutionProperties) = preSolution
		HideSolutionNode = FALSE
	EndGlobalSection
	GlobalSection(ExtensibilityGlobals) = postSolution
		SolutionGuid = {3D6C90C1-8E5E-4EFE-82DF-D98118816FE0}
	EndGlobalSection
EndGlobal
